
Microsoft Visual Studio Solution File, Format Version 12.00
# Visual Studio 15
VisualStudioVersion = 15.0.28307.645
MinimumVisualStudioVersion = 10.0.40219.1
Project("{FAE04EC0-301F-11D3-BF4B-00C04F79EFBC}") = "exercicio10", "exercicio10\exercicio10.csproj", "{420B793C-826A-498E-8243-D331C4160604}"
EndProject
Global
	GlobalSection(SolutionConfigurationPlatforms) = preSolution
		Debug|Any CPU = Debug|Any CPU
		Release|Any CPU = Release|Any CPU
	EndGlobalSection
	GlobalSection(ProjectConfigurationPlatforms) = postSolution
		{420B793C-826A-498E-8243-D331C4160604}.Debug|Any CPU.ActiveCfg = Debug|Any CPU
		{420B793C-826A-498E-8243-D331C4160604}.Debug|Any CPU.Build.0 = Debug|Any CPU
		{420B793C-826A-498E-8243-D331C4160604}.Release|Any CPU.ActiveCfg = Release|Any CPU
		{420B793C-826A-498E-8243-D331C4160604}.Release|Any CPU.Build.0 = Release|Any CPU
	EndGlobalSection
	GlobalSection(SolutionProperties) = preSolution
		HideSolutionNode = FALSE
	EndGlobalSection
	GlobalSection(ExtensibilityGlobals) = postSolution
		SolutionGuid = {48D14D20-2905-40F2-87C5-EA1CE96FDF1F}
	EndGlobalSection
EndGlobal
